
Microsoft Visual Studio Solution File, Format Version 12.00
# Visual Studio Version 17
VisualStudioVersion = 17.0.31903.59
MinimumVisualStudioVersion = 10.0.40219.1
Project("{2150E333-8FDC-42A3-9474-1A3956D46DE8}") = "src", "src", "{395CBED9-A14D-4D8A-9C29-B5FF1146868F}"
EndProject
Project("{FAE04EC0-301F-11D3-BF4B-00C04F79EFBC}") = "EnhancementHub.Domain", "src\EnhancementHub.Domain\EnhancementHub.Domain.csproj", "{809BF151-C499-429A-9FD6-621602FAC391}"
EndProject
Project("{FAE04EC0-301F-11D3-BF4B-00C04F79EFBC}") = "EnhancementHub.Application", "src\EnhancementHub.Application\EnhancementHub.Application.csproj", "{BA18D93E-B027-4E40-AE06-B6C173586921}"
EndProject
Project("{FAE04EC0-301F-11D3-BF4B-00C04F79EFBC}") = "EnhancementHub.Infrastructure", "src\EnhancementHub.Infrastructure\EnhancementHub.Infrastructure.csproj", "{60846459-3D11-4AD6-B0BC-A860ED9C3B56}"
EndProject
Project("{FAE04EC0-301F-11D3-BF4B-00C04F79EFBC}") = "EnhancementHub.Api", "src\EnhancementHub.Api\EnhancementHub.Api.csproj", "{D04788E8-EE28-41B4-A224-48C8FE6D3358}"
EndProject
Project("{FAE04EC0-301F-11D3-BF4B-00C04F79EFBC}") = "EnhancementHub.Worker", "src\EnhancementHub.Worker\EnhancementHub.Worker.csproj", "{B5934C58-3704-4145-A69A-6577267BB1CA}"
EndProject
Project("{FAE04EC0-301F-11D3-BF4B-00C04F79EFBC}") = "EnhancementHub.Web", "src\EnhancementHub.Web\EnhancementHub.Web.csproj", "{AAC67910-29CD-4785-9B33-FCAA9FC99D23}"
EndProject
Project("{2150E333-8FDC-42A3-9474-1A3956D46DE8}") = "tests", "tests", "{3247F3FD-AB06-40CE-99DE-2E5070C8F522}"
EndProject
Project("{FAE04EC0-301F-11D3-BF4B-00C04F79EFBC}") = "EnhancementHub.Tests", "tests\EnhancementHub.Tests\EnhancementHub.Tests.csproj", "{57F6588D-97EB-4EEB-BAA3-DC59420AD9CA}"
EndProject
Project("{FAE04EC0-301F-11D3-BF4B-00C04F79EFBC}") = "EnhancementHub.Agent", "src\EnhancementHub.Agent\EnhancementHub.Agent.csproj", "{FCF22719-B897-4CF2-9AD2-C127F93E1D6A}"
EndProject
Project("{FAE04EC0-301F-11D3-BF4B-00C04F79EFBC}") = "EnhancementHub.LoadTestSeeder", "tests\EnhancementHub.LoadTestSeeder\EnhancementHub.LoadTestSeeder.csproj", "{A3C5CF88-E68E-4A07-8D98-483482CE58BA}"
EndProject
Global
	GlobalSection(SolutionConfigurationPlatforms) = preSolution
		Debug|Any CPU = Debug|Any CPU
		Release|Any CPU = Release|Any CPU
	EndGlobalSection
	GlobalSection(SolutionProperties) = preSolution
		HideSolutionNode = FALSE
	EndGlobalSection
	GlobalSection(ProjectConfigurationPlatforms) = postSolution
		{809BF151-C499-429A-9FD6-621602FAC391}.Debug|Any CPU.ActiveCfg = Debug|Any CPU
		{809BF151-C499-429A-9FD6-621602FAC391}.Debug|Any CPU.Build.0 = Debug|Any CPU
		{809BF151-C499-429A-9FD6-621602FAC391}.Release|Any CPU.ActiveCfg = Release|Any CPU
		{809BF151-C499-429A-9FD6-621602FAC391}.Release|Any CPU.Build.0 = Release|Any CPU
		{BA18D93E-B027-4E40-AE06-B6C173586921}.Debug|Any CPU.ActiveCfg = Debug|Any CPU
		{BA18D93E-B027-4E40-AE06-B6C173586921}.Debug|Any CPU.Build.0 = Debug|Any CPU
		{BA18D93E-B027-4E40-AE06-B6C173586921}.Release|Any CPU.ActiveCfg = Release|Any CPU
		{BA18D93E-B027-4E40-AE06-B6C173586921}.Release|Any CPU.Build.0 = Release|Any CPU
		{60846459-3D11-4AD6-B0BC-A860ED9C3B56}.Debug|Any CPU.ActiveCfg = Debug|Any CPU
		{60846459-3D11-4AD6-B0BC-A860ED9C3B56}.Debug|Any CPU.Build.0 = Debug|Any CPU
		{60846459-3D11-4AD6-B0BC-A860ED9C3B56}.Release|Any CPU.ActiveCfg = Release|Any CPU
		{60846459-3D11-4AD6-B0BC-A860ED9C3B56}.Release|Any CPU.Build.0 = Release|Any CPU
		{D04788E8-EE28-41B4-A224-48C8FE6D3358}.Debug|Any CPU.ActiveCfg = Debug|Any CPU
		{D04788E8-EE28-41B4-A224-48C8FE6D3358}.Debug|Any CPU.Build.0 = Debug|Any CPU
		{D04788E8-EE28-41B4-A224-48C8FE6D3358}.Release|Any CPU.ActiveCfg = Release|Any CPU
		{D04788E8-EE28-41B4-A224-48C8FE6D3358}.Release|Any CPU.Build.0 = Release|Any CPU
		{B5934C58-3704-4145-A69A-6577267BB1CA}.Debug|Any CPU.ActiveCfg = Debug|Any CPU
		{B5934C58-3704-4145-A69A-6577267BB1CA}.Debug|Any CPU.Build.0 = Debug|Any CPU
		{B5934C58-3704-4145-A69A-6577267BB1CA}.Release|Any CPU.ActiveCfg = Release|Any CPU
		{B5934C58-3704-4145-A69A-6577267BB1CA}.Release|Any CPU.Build.0 = Release|Any CPU
		{AAC67910-29CD-4785-9B33-FCAA9FC99D23}.Debug|Any CPU.ActiveCfg = Debug|Any CPU
		{AAC67910-29CD-4785-9B33-FCAA9FC99D23}.Debug|Any CPU.Build.0 = Debug|Any CPU
		{AAC67910-29CD-4785-9B33-FCAA9FC99D23}.Release|Any CPU.ActiveCfg = Release|Any CPU
		{AAC67910-29CD-4785-9B33-FCAA9FC99D23}.Release|Any CPU.Build.0 = Release|Any CPU
		{57F6588D-97EB-4EEB-BAA3-DC59420AD9CA}.Debug|Any CPU.ActiveCfg = Debug|Any CPU
		{57F6588D-97EB-4EEB-BAA3-DC59420AD9CA}.Debug|Any CPU.Build.0 = Debug|Any CPU
		{57F6588D-97EB-4EEB-BAA3-DC59420AD9CA}.Release|Any CPU.ActiveCfg = Release|Any CPU
		{57F6588D-97EB-4EEB-BAA3-DC59420AD9CA}.Release|Any CPU.Build.0 = Release|Any CPU
		{FCF22719-B897-4CF2-9AD2-C127F93E1D6A}.Debug|Any CPU.ActiveCfg = Debug|Any CPU
		{FCF22719-B897-4CF2-9AD2-C127F93E1D6A}.Debug|Any CPU.Build.0 = Debug|Any CPU
		{FCF22719-B897-4CF2-9AD2-C127F93E1D6A}.Release|Any CPU.ActiveCfg = Release|Any CPU
		{FCF22719-B897-4CF2-9AD2-C127F93E1D6A}.Release|Any CPU.Build.0 = Release|Any CPU
		{A3C5CF88-E68E-4A07-8D98-483482CE58BA}.Debug|Any CPU.ActiveCfg = Debug|Any CPU
		{A3C5CF88-E68E-4A07-8D98-483482CE58BA}.Debug|Any CPU.Build.0 = Debug|Any CPU
		{A3C5CF88-E68E-4A07-8D98-483482CE58BA}.Release|Any CPU.ActiveCfg = Release|Any CPU
		{A3C5CF88-E68E-4A07-8D98-483482CE58BA}.Release|Any CPU.Build.0 = Release|Any CPU
	EndGlobalSection
	GlobalSection(NestedProjects) = preSolution
		{809BF151-C499-429A-9FD6-621602FAC391} = {395CBED9-A14D-4D8A-9C29-B5FF1146868F}
		{BA18D93E-B027-4E40-AE06-B6C173586921} = {395CBED9-A14D-4D8A-9C29-B5FF1146868F}
		{60846459-3D11-4AD6-B0BC-A860ED9C3B56} = {395CBED9-A14D-4D8A-9C29-B5FF1146868F}
		{D04788E8-EE28-41B4-A224-48C8FE6D3358} = {395CBED9-A14D-4D8A-9C29-B5FF1146868F}
		{B5934C58-3704-4145-A69A-6577267BB1CA} = {395CBED9-A14D-4D8A-9C29-B5FF1146868F}
		{AAC67910-29CD-4785-9B33-FCAA9FC99D23} = {395CBED9-A14D-4D8A-9C29-B5FF1146868F}
		{57F6588D-97EB-4EEB-BAA3-DC59420AD9CA} = {3247F3FD-AB06-40CE-99DE-2E5070C8F522}
		{FCF22719-B897-4CF2-9AD2-C127F93E1D6A} = {395CBED9-A14D-4D8A-9C29-B5FF1146868F}
		{A3C5CF88-E68E-4A07-8D98-483482CE58BA} = {3247F3FD-AB06-40CE-99DE-2E5070C8F522}
	EndGlobalSection
EndGlobal
